// !$*UTF8*$!
{
	archiveVersion = 1;
	classes = {
	};
	objectVersion = 56;
	objects = {

/* Begin PBXBuildFile section */
		1D8DAAC02A0F77D700674FAC /* AppDelegate.swift in Sources */ = {isa = PBXBuildFile; fileRef = 1D8DAABF2A0F77D700674FAC /* AppDelegate.swift */; };
		1D8DAAC22A0F77D700674FAC /* SceneDelegate.swift in Sources */ = {isa = PBXBuildFile; fileRef = 1D8DAAC12A0F77D700674FAC /* SceneDelegate.swift */; };
		1D8DAAC42A0F77D700674FAC /* ViewController.swift in Sources */ = {isa = PBXBuildFile; fileRef = 1D8DAAC32A0F77D700674FAC /* ViewController.swift */; };
		1D8DAAC92A0F77D900674FAC /* Assets.xcassets in Resources */ = {isa = PBXBuildFile; fileRef = 1D8DAAC82A0F77D900674FAC /* Assets.xcassets */; };
		1D8DAACC2A0F77D900674FAC /* LaunchScreen.storyboard in Resources */ = {isa = PBXBuildFile; fileRef = 1D8DAACA2A0F77D900674FAC /* LaunchScreen.storyboard */; };
		1D8DAAF62A0F7D7400674FAC /* UIFont+.swift in Sources */ = {isa = PBXBuildFile; fileRef = 1D8DAAF52A0F7D7400674FAC /* UIFont+.swift */; };
		1D8DAAF82A0F812600674FAC /* UIColor+.swift in Sources */ = {isa = PBXBuildFile; fileRef = 1D8DAAF72A0F812600674FAC /* UIColor+.swift */; };
		1D8DAAFA2A0F81DC00674FAC /* UIView+.swift in Sources */ = {isa = PBXBuildFile; fileRef = 1D8DAAF92A0F81DC00674FAC /* UIView+.swift */; };
		367E9AC82A11572B00BDD0C8 /* Roboto-Medium.ttf in Resources */ = {isa = PBXBuildFile; fileRef = 367E9AB62A11572B00BDD0C8 /* Roboto-Medium.ttf */; };
		367E9AC92A11572B00BDD0C8 /* Roboto-Light.ttf in Resources */ = {isa = PBXBuildFile; fileRef = 367E9AB72A11572B00BDD0C8 /* Roboto-Light.ttf */; };
		367E9ACA2A11572B00BDD0C8 /* NotoSansKR-Light.otf in Resources */ = {isa = PBXBuildFile; fileRef = 367E9AB82A11572B00BDD0C8 /* NotoSansKR-Light.otf */; };
		367E9ACB2A11572B00BDD0C8 /* Roboto-Regular.ttf in Resources */ = {isa = PBXBuildFile; fileRef = 367E9AB92A11572B00BDD0C8 /* Roboto-Regular.ttf */; };
		367E9ACC2A11572B00BDD0C8 /* Roboto-MediumItalic.ttf in Resources */ = {isa = PBXBuildFile; fileRef = 367E9ABA2A11572B00BDD0C8 /* Roboto-MediumItalic.ttf */; };
		367E9ACD2A11572B00BDD0C8 /* NotoSansKR-Bold.otf in Resources */ = {isa = PBXBuildFile; fileRef = 367E9ABB2A11572B00BDD0C8 /* NotoSansKR-Bold.otf */; };
		367E9ACE2A11572B00BDD0C8 /* NotoSansKR-Thin.otf in Resources */ = {isa = PBXBuildFile; fileRef = 367E9ABC2A11572B00BDD0C8 /* NotoSansKR-Thin.otf */; };
		367E9ACF2A11572B00BDD0C8 /* Roboto-ThinItalic.ttf in Resources */ = {isa = PBXBuildFile; fileRef = 367E9ABD2A11572B00BDD0C8 /* Roboto-ThinItalic.ttf */; };
		367E9AD02A11572B00BDD0C8 /* Roboto-BoldItalic.ttf in Resources */ = {isa = PBXBuildFile; fileRef = 367E9ABE2A11572B00BDD0C8 /* Roboto-BoldItalic.ttf */; };
		367E9AD12A11572B00BDD0C8 /* Roboto-LightItalic.ttf in Resources */ = {isa = PBXBuildFile; fileRef = 367E9ABF2A11572B00BDD0C8 /* Roboto-LightItalic.ttf */; };
		367E9AD22A11572B00BDD0C8 /* Roboto-Italic.ttf in Resources */ = {isa = PBXBuildFile; fileRef = 367E9AC02A11572B00BDD0C8 /* Roboto-Italic.ttf */; };
		367E9AD32A11572B00BDD0C8 /* Roboto-BlackItalic.ttf in Resources */ = {isa = PBXBuildFile; fileRef = 367E9AC12A11572B00BDD0C8 /* Roboto-BlackItalic.ttf */; };
		367E9AD42A11572B00BDD0C8 /* NotoSansKR-Black.otf in Resources */ = {isa = PBXBuildFile; fileRef = 367E9AC22A11572B00BDD0C8 /* NotoSansKR-Black.otf */; };
		367E9AD52A11572B00BDD0C8 /* Roboto-Bold.ttf in Resources */ = {isa = PBXBuildFile; fileRef = 367E9AC32A11572B00BDD0C8 /* Roboto-Bold.ttf */; };
		367E9AD62A11572B00BDD0C8 /* Roboto-Thin.ttf in Resources */ = {isa = PBXBuildFile; fileRef = 367E9AC42A11572B00BDD0C8 /* Roboto-Thin.ttf */; };
		367E9AD72A11572B00BDD0C8 /* NotoSansKR-Medium.otf in Resources */ = {isa = PBXBuildFile; fileRef = 367E9AC52A11572B00BDD0C8 /* NotoSansKR-Medium.otf */; };
		367E9AD82A11572B00BDD0C8 /* Roboto-Black.ttf in Resources */ = {isa = PBXBuildFile; fileRef = 367E9AC62A11572B00BDD0C8 /* Roboto-Black.ttf */; };
		367E9AD92A11572B00BDD0C8 /* NotoSansKR-Regular.otf in Resources */ = {isa = PBXBuildFile; fileRef = 367E9AC72A11572B00BDD0C8 /* NotoSansKR-Regular.otf */; };
		367E9ADB2A11578E00BDD0C8 /* InfoCollectionViewHeader.swift in Sources */ = {isa = PBXBuildFile; fileRef = 367E9ADA2A11578E00BDD0C8 /* InfoCollectionViewHeader.swift */; };
		367E9ADD2A11585700BDD0C8 /* CinemaChipView.swift in Sources */ = {isa = PBXBuildFile; fileRef = 367E9ADC2A11585700BDD0C8 /* CinemaChipView.swift */; };
		367E9ADF2A1159DF00BDD0C8 /* CinemaInfoVIew.swift in Sources */ = {isa = PBXBuildFile; fileRef = 367E9ADE2A1159DF00BDD0C8 /* CinemaInfoVIew.swift */; };
		367E9AE12A115AD400BDD0C8 /* UIStackView+.swift in Sources */ = {isa = PBXBuildFile; fileRef = 367E9AE02A115AD400BDD0C8 /* UIStackView+.swift */; };
		367E9AE52A12314100BDD0C8 /* MovieAudienceInfoView.swift in Sources */ = {isa = PBXBuildFile; fileRef = 367E9AE42A12314100BDD0C8 /* MovieAudienceInfoView.swift */; };
		367E9AE72A1231EB00BDD0C8 /* UILabel+.swift in Sources */ = {isa = PBXBuildFile; fileRef = 367E9AE62A1231EB00BDD0C8 /* UILabel+.swift */; };
		367E9AE92A1234EB00BDD0C8 /* Date+.swift in Sources */ = {isa = PBXBuildFile; fileRef = 367E9AE82A1234EB00BDD0C8 /* Date+.swift */; };
		367E9AEB2A12378400BDD0C8 /* String+.swift in Sources */ = {isa = PBXBuildFile; fileRef = 367E9AEA2A12378400BDD0C8 /* String+.swift */; };
		367E9AEF2A12759F00BDD0C8 /* MovieInfoTabbar.swift in Sources */ = {isa = PBXBuildFile; fileRef = 367E9AEE2A12759F00BDD0C8 /* MovieInfoTabbar.swift */; };
		367E9AF12A1281F800BDD0C8 /* MovieInfoImageCVC.swift in Sources */ = {isa = PBXBuildFile; fileRef = 367E9AF02A1281F800BDD0C8 /* MovieInfoImageCVC.swift */; };
		367E9AF62A12827A00BDD0C8 /* MovieInfoDataModel.swift in Sources */ = {isa = PBXBuildFile; fileRef = 367E9AF52A12827A00BDD0C8 /* MovieInfoDataModel.swift */; };
		367E9AF82A12A44200BDD0C8 /* SynopsisCVC.swift in Sources */ = {isa = PBXBuildFile; fileRef = 367E9AF72A12A44200BDD0C8 /* SynopsisCVC.swift */; };
		367E9AFD2A12A57F00BDD0C8 /* MovieInfoSectionHeaderView.swift in Sources */ = {isa = PBXBuildFile; fileRef = 367E9AFC2A12A57F00BDD0C8 /* MovieInfoSectionHeaderView.swift */; };
		367E9AFF2A12B2C700BDD0C8 /* ActorCVC.swift in Sources */ = {isa = PBXBuildFile; fileRef = 367E9AFE2A12B2C700BDD0C8 /* ActorCVC.swift */; };
		36DAE0912A18C74E0028D478 /* TrailerCVC.swift in Sources */ = {isa = PBXBuildFile; fileRef = 36DAE0902A18C74E0028D478 /* TrailerCVC.swift */; };
		36DAE0962A1D2A3C0028D478 /* ActorBackgroundCVC.swift in Sources */ = {isa = PBXBuildFile; fileRef = 36DAE0952A1D2A3C0028D478 /* ActorBackgroundCVC.swift */; };
		36DAE0982A1D3BD90028D478 /* PosterBackgroundCVC.swift in Sources */ = {isa = PBXBuildFile; fileRef = 36DAE0972A1D3BD90028D478 /* PosterBackgroundCVC.swift */; };
		36DAE09A2A1D3D8D0028D478 /* PosterCVC.swift in Sources */ = {isa = PBXBuildFile; fileRef = 36DAE0992A1D3D8D0028D478 /* PosterCVC.swift */; };
		36FCD7EE2A114A7C0038FD91 /* ImageLiterals.swift in Sources */ = {isa = PBXBuildFile; fileRef = 36FCD7ED2A114A7C0038FD91 /* ImageLiterals.swift */; };
		36FCD7F02A114AA10038FD91 /* UIImage+.swift in Sources */ = {isa = PBXBuildFile; fileRef = 36FCD7EF2A114AA10038FD91 /* UIImage+.swift */; };
		36FCD7F72A114C880038FD91 /* MovieInfoNavigationView.swift in Sources */ = {isa = PBXBuildFile; fileRef = 36FCD7F62A114C880038FD91 /* MovieInfoNavigationView.swift */; };
		36FCD7FA2A114CA00038FD91 /* Alamofire in Frameworks */ = {isa = PBXBuildFile; productRef = 36FCD7F92A114CA00038FD91 /* Alamofire */; };
		36FCD7FD2A114CAA0038FD91 /* Then in Frameworks */ = {isa = PBXBuildFile; productRef = 36FCD7FC2A114CAA0038FD91 /* Then */; };
		36FCD8012A114CBB0038FD91 /* SnapKit in Frameworks */ = {isa = PBXBuildFile; productRef = 36FCD8002A114CBB0038FD91 /* SnapKit */; };
		36FCD8032A114F8A0038FD91 /* MovieInfoVC.swift in Sources */ = {isa = PBXBuildFile; fileRef = 36FCD8022A114F8A0038FD91 /* MovieInfoVC.swift */; };
/* End PBXBuildFile section */

/* Begin PBXFileReference section */
		1D8DAABC2A0F77D700674FAC /* Lotte-Cinema.app */ = {isa = PBXFileReference; explicitFileType = wrapper.application; includeInIndex = 0; path = "Lotte-Cinema.app"; sourceTree = BUILT_PRODUCTS_DIR; };
		1D8DAABF2A0F77D700674FAC /* AppDelegate.swift */ = {isa = PBXFileReference; lastKnownFileType = sourcecode.swift; path = AppDelegate.swift; sourceTree = "<group>"; };
		1D8DAAC12A0F77D700674FAC /* SceneDelegate.swift */ = {isa = PBXFileReference; lastKnownFileType = sourcecode.swift; path = SceneDelegate.swift; sourceTree = "<group>"; };
		1D8DAAC32A0F77D700674FAC /* ViewController.swift */ = {isa = PBXFileReference; lastKnownFileType = sourcecode.swift; path = ViewController.swift; sourceTree = "<group>"; };
		1D8DAAC82A0F77D900674FAC /* Assets.xcassets */ = {isa = PBXFileReference; lastKnownFileType = folder.assetcatalog; path = Assets.xcassets; sourceTree = "<group>"; };
		1D8DAACB2A0F77D900674FAC /* Base */ = {isa = PBXFileReference; lastKnownFileType = file.storyboard; name = Base; path = Base.lproj/LaunchScreen.storyboard; sourceTree = "<group>"; };
		1D8DAACD2A0F77D900674FAC /* Info.plist */ = {isa = PBXFileReference; lastKnownFileType = text.plist.xml; path = Info.plist; sourceTree = "<group>"; };
		1D8DAAF52A0F7D7400674FAC /* UIFont+.swift */ = {isa = PBXFileReference; lastKnownFileType = sourcecode.swift; path = "UIFont+.swift"; sourceTree = "<group>"; };
		1D8DAAF72A0F812600674FAC /* UIColor+.swift */ = {isa = PBXFileReference; lastKnownFileType = sourcecode.swift; path = "UIColor+.swift"; sourceTree = "<group>"; };
		1D8DAAF92A0F81DC00674FAC /* UIView+.swift */ = {isa = PBXFileReference; lastKnownFileType = sourcecode.swift; path = "UIView+.swift"; sourceTree = "<group>"; };
		1D8DAB032A10E6AB00674FAC /* NotoSansKR-Medium.otf */ = {isa = PBXFileReference; lastKnownFileType = file; path = "NotoSansKR-Medium.otf"; sourceTree = "<group>"; };
		1D8DAB042A10E6AB00674FAC /* NotoSansKR-Bold.otf */ = {isa = PBXFileReference; lastKnownFileType = file; path = "NotoSansKR-Bold.otf"; sourceTree = "<group>"; };
		1D8DAB052A10E6AB00674FAC /* NotoSansKR-Black.otf */ = {isa = PBXFileReference; lastKnownFileType = file; path = "NotoSansKR-Black.otf"; sourceTree = "<group>"; };
		1D8DAB062A10E6AB00674FAC /* NotoSansKR-Regular.otf */ = {isa = PBXFileReference; lastKnownFileType = file; path = "NotoSansKR-Regular.otf"; sourceTree = "<group>"; };
		1D8DAB072A10E6AB00674FAC /* NotoSansKR-Light.otf */ = {isa = PBXFileReference; lastKnownFileType = file; path = "NotoSansKR-Light.otf"; sourceTree = "<group>"; };
		1D8DAB082A10E6AC00674FAC /* NotoSansKR-Thin.otf */ = {isa = PBXFileReference; lastKnownFileType = file; path = "NotoSansKR-Thin.otf"; sourceTree = "<group>"; };
		1D8DAB0F2A10E6B800674FAC /* Roboto-Bold.ttf */ = {isa = PBXFileReference; lastKnownFileType = file; path = "Roboto-Bold.ttf"; sourceTree = "<group>"; };
		1D8DAB102A10E6B900674FAC /* Roboto-Medium.ttf */ = {isa = PBXFileReference; lastKnownFileType = file; path = "Roboto-Medium.ttf"; sourceTree = "<group>"; };
		1D8DAB112A10E6B900674FAC /* Roboto-Regular.ttf */ = {isa = PBXFileReference; lastKnownFileType = file; path = "Roboto-Regular.ttf"; sourceTree = "<group>"; };
		1D8DAB122A10E6B900674FAC /* Roboto-Black.ttf */ = {isa = PBXFileReference; lastKnownFileType = file; path = "Roboto-Black.ttf"; sourceTree = "<group>"; };
		1D8DAB132A10E6B900674FAC /* Roboto-Light.ttf */ = {isa = PBXFileReference; lastKnownFileType = file; path = "Roboto-Light.ttf"; sourceTree = "<group>"; };
		1D8DAB142A10E6B900674FAC /* Roboto-LightItalic.ttf */ = {isa = PBXFileReference; lastKnownFileType = file; path = "Roboto-LightItalic.ttf"; sourceTree = "<group>"; };
		1D8DAB152A10E6B900674FAC /* Roboto-MediumItalic.ttf */ = {isa = PBXFileReference; lastKnownFileType = file; path = "Roboto-MediumItalic.ttf"; sourceTree = "<group>"; };
		1D8DAB162A10E6B900674FAC /* Roboto-BlackItalic.ttf */ = {isa = PBXFileReference; lastKnownFileType = file; path = "Roboto-BlackItalic.ttf"; sourceTree = "<group>"; };
		1D8DAB172A10E6B900674FAC /* Roboto-BoldItalic.ttf */ = {isa = PBXFileReference; lastKnownFileType = file; path = "Roboto-BoldItalic.ttf"; sourceTree = "<group>"; };
		1D8DAB182A10E6B900674FAC /* Roboto-Italic.ttf */ = {isa = PBXFileReference; lastKnownFileType = file; path = "Roboto-Italic.ttf"; sourceTree = "<group>"; };
		1D8DAB192A10E6B900674FAC /* Roboto-ThinItalic.ttf */ = {isa = PBXFileReference; lastKnownFileType = file; path = "Roboto-ThinItalic.ttf"; sourceTree = "<group>"; };
		1D8DAB1A2A10E6B900674FAC /* Roboto-Thin.ttf */ = {isa = PBXFileReference; lastKnownFileType = file; path = "Roboto-Thin.ttf"; sourceTree = "<group>"; };
		367E9A912A11571300BDD0C8 /* Roboto-Medium.ttf */ = {isa = PBXFileReference; lastKnownFileType = file; path = "Roboto-Medium.ttf"; sourceTree = "<group>"; };
		367E9A922A11571300BDD0C8 /* Roboto-Light.ttf */ = {isa = PBXFileReference; lastKnownFileType = file; path = "Roboto-Light.ttf"; sourceTree = "<group>"; };
		367E9A932A11571300BDD0C8 /* NotoSansKR-Light.otf */ = {isa = PBXFileReference; lastKnownFileType = file; path = "NotoSansKR-Light.otf"; sourceTree = "<group>"; };
		367E9A942A11571300BDD0C8 /* Roboto-Regular.ttf */ = {isa = PBXFileReference; lastKnownFileType = file; path = "Roboto-Regular.ttf"; sourceTree = "<group>"; };
		367E9A952A11571300BDD0C8 /* Roboto-MediumItalic.ttf */ = {isa = PBXFileReference; lastKnownFileType = file; path = "Roboto-MediumItalic.ttf"; sourceTree = "<group>"; };
		367E9A962A11571300BDD0C8 /* NotoSansKR-Bold.otf */ = {isa = PBXFileReference; lastKnownFileType = file; path = "NotoSansKR-Bold.otf"; sourceTree = "<group>"; };
		367E9A972A11571300BDD0C8 /* NotoSansKR-Thin.otf */ = {isa = PBXFileReference; lastKnownFileType = file; path = "NotoSansKR-Thin.otf"; sourceTree = "<group>"; };
		367E9A982A11571300BDD0C8 /* Roboto-ThinItalic.ttf */ = {isa = PBXFileReference; lastKnownFileType = file; path = "Roboto-ThinItalic.ttf"; sourceTree = "<group>"; };
		367E9A992A11571300BDD0C8 /* Roboto-BoldItalic.ttf */ = {isa = PBXFileReference; lastKnownFileType = file; path = "Roboto-BoldItalic.ttf"; sourceTree = "<group>"; };
		367E9A9A2A11571300BDD0C8 /* Roboto-LightItalic.ttf */ = {isa = PBXFileReference; lastKnownFileType = file; path = "Roboto-LightItalic.ttf"; sourceTree = "<group>"; };
		367E9A9B2A11571300BDD0C8 /* Roboto-Italic.ttf */ = {isa = PBXFileReference; lastKnownFileType = file; path = "Roboto-Italic.ttf"; sourceTree = "<group>"; };
		367E9A9C2A11571300BDD0C8 /* Roboto-BlackItalic.ttf */ = {isa = PBXFileReference; lastKnownFileType = file; path = "Roboto-BlackItalic.ttf"; sourceTree = "<group>"; };
		367E9A9D2A11571300BDD0C8 /* NotoSansKR-Black.otf */ = {isa = PBXFileReference; lastKnownFileType = file; path = "NotoSansKR-Black.otf"; sourceTree = "<group>"; };
		367E9A9E2A11571300BDD0C8 /* Roboto-Bold.ttf */ = {isa = PBXFileReference; lastKnownFileType = file; path = "Roboto-Bold.ttf"; sourceTree = "<group>"; };
		367E9A9F2A11571300BDD0C8 /* Roboto-Thin.ttf */ = {isa = PBXFileReference; lastKnownFileType = file; path = "Roboto-Thin.ttf"; sourceTree = "<group>"; };
		367E9AA02A11571300BDD0C8 /* NotoSansKR-Medium.otf */ = {isa = PBXFileReference; lastKnownFileType = file; path = "NotoSansKR-Medium.otf"; sourceTree = "<group>"; };
		367E9AA12A11571300BDD0C8 /* Roboto-Black.ttf */ = {isa = PBXFileReference; lastKnownFileType = file; path = "Roboto-Black.ttf"; sourceTree = "<group>"; };
		367E9AA22A11571300BDD0C8 /* NotoSansKR-Regular.otf */ = {isa = PBXFileReference; lastKnownFileType = file; path = "NotoSansKR-Regular.otf"; sourceTree = "<group>"; };
		367E9AB62A11572B00BDD0C8 /* Roboto-Medium.ttf */ = {isa = PBXFileReference; lastKnownFileType = file; path = "Roboto-Medium.ttf"; sourceTree = "<group>"; };
		367E9AB72A11572B00BDD0C8 /* Roboto-Light.ttf */ = {isa = PBXFileReference; lastKnownFileType = file; path = "Roboto-Light.ttf"; sourceTree = "<group>"; };
		367E9AB82A11572B00BDD0C8 /* NotoSansKR-Light.otf */ = {isa = PBXFileReference; lastKnownFileType = file; path = "NotoSansKR-Light.otf"; sourceTree = "<group>"; };
		367E9AB92A11572B00BDD0C8 /* Roboto-Regular.ttf */ = {isa = PBXFileReference; lastKnownFileType = file; path = "Roboto-Regular.ttf"; sourceTree = "<group>"; };
		367E9ABA2A11572B00BDD0C8 /* Roboto-MediumItalic.ttf */ = {isa = PBXFileReference; lastKnownFileType = file; path = "Roboto-MediumItalic.ttf"; sourceTree = "<group>"; };
		367E9ABB2A11572B00BDD0C8 /* NotoSansKR-Bold.otf */ = {isa = PBXFileReference; lastKnownFileType = file; path = "NotoSansKR-Bold.otf"; sourceTree = "<group>"; };
		367E9ABC2A11572B00BDD0C8 /* NotoSansKR-Thin.otf */ = {isa = PBXFileReference; lastKnownFileType = file; path = "NotoSansKR-Thin.otf"; sourceTree = "<group>"; };
		367E9ABD2A11572B00BDD0C8 /* Roboto-ThinItalic.ttf */ = {isa = PBXFileReference; lastKnownFileType = file; path = "Roboto-ThinItalic.ttf"; sourceTree = "<group>"; };
		367E9ABE2A11572B00BDD0C8 /* Roboto-BoldItalic.ttf */ = {isa = PBXFileReference; lastKnownFileType = file; path = "Roboto-BoldItalic.ttf"; sourceTree = "<group>"; };
		367E9ABF2A11572B00BDD0C8 /* Roboto-LightItalic.ttf */ = {isa = PBXFileReference; lastKnownFileType = file; path = "Roboto-LightItalic.ttf"; sourceTree = "<group>"; };
		367E9AC02A11572B00BDD0C8 /* Roboto-Italic.ttf */ = {isa = PBXFileReference; lastKnownFileType = file; path = "Roboto-Italic.ttf"; sourceTree = "<group>"; };
		367E9AC12A11572B00BDD0C8 /* Roboto-BlackItalic.ttf */ = {isa = PBXFileReference; lastKnownFileType = file; path = "Roboto-BlackItalic.ttf"; sourceTree = "<group>"; };
		367E9AC22A11572B00BDD0C8 /* NotoSansKR-Black.otf */ = {isa = PBXFileReference; lastKnownFileType = file; path = "NotoSansKR-Black.otf"; sourceTree = "<group>"; };
		367E9AC32A11572B00BDD0C8 /* Roboto-Bold.ttf */ = {isa = PBXFileReference; lastKnownFileType = file; path = "Roboto-Bold.ttf"; sourceTree = "<group>"; };
		367E9AC42A11572B00BDD0C8 /* Roboto-Thin.ttf */ = {isa = PBXFileReference; lastKnownFileType = file; path = "Roboto-Thin.ttf"; sourceTree = "<group>"; };
		367E9AC52A11572B00BDD0C8 /* NotoSansKR-Medium.otf */ = {isa = PBXFileReference; lastKnownFileType = file; path = "NotoSansKR-Medium.otf"; sourceTree = "<group>"; };
		367E9AC62A11572B00BDD0C8 /* Roboto-Black.ttf */ = {isa = PBXFileReference; lastKnownFileType = file; path = "Roboto-Black.ttf"; sourceTree = "<group>"; };
		367E9AC72A11572B00BDD0C8 /* NotoSansKR-Regular.otf */ = {isa = PBXFileReference; lastKnownFileType = file; path = "NotoSansKR-Regular.otf"; sourceTree = "<group>"; };
		367E9ADA2A11578E00BDD0C8 /* InfoCollectionViewHeader.swift */ = {isa = PBXFileReference; lastKnownFileType = sourcecode.swift; path = InfoCollectionViewHeader.swift; sourceTree = "<group>"; };
		367E9ADC2A11585700BDD0C8 /* CinemaChipView.swift */ = {isa = PBXFileReference; lastKnownFileType = sourcecode.swift; path = CinemaChipView.swift; sourceTree = "<group>"; };
		367E9ADE2A1159DF00BDD0C8 /* CinemaInfoVIew.swift */ = {isa = PBXFileReference; lastKnownFileType = sourcecode.swift; path = CinemaInfoVIew.swift; sourceTree = "<group>"; };
		367E9AE02A115AD400BDD0C8 /* UIStackView+.swift */ = {isa = PBXFileReference; lastKnownFileType = sourcecode.swift; path = "UIStackView+.swift"; sourceTree = "<group>"; };
		367E9AE42A12314100BDD0C8 /* MovieAudienceInfoView.swift */ = {isa = PBXFileReference; lastKnownFileType = sourcecode.swift; path = MovieAudienceInfoView.swift; sourceTree = "<group>"; };
		367E9AE62A1231EB00BDD0C8 /* UILabel+.swift */ = {isa = PBXFileReference; lastKnownFileType = sourcecode.swift; path = "UILabel+.swift"; sourceTree = "<group>"; };
		367E9AE82A1234EB00BDD0C8 /* Date+.swift */ = {isa = PBXFileReference; lastKnownFileType = sourcecode.swift; path = "Date+.swift"; sourceTree = "<group>"; };
		367E9AEA2A12378400BDD0C8 /* String+.swift */ = {isa = PBXFileReference; lastKnownFileType = sourcecode.swift; path = "String+.swift"; sourceTree = "<group>"; };
		367E9AEE2A12759F00BDD0C8 /* MovieInfoTabbar.swift */ = {isa = PBXFileReference; lastKnownFileType = sourcecode.swift; path = MovieInfoTabbar.swift; sourceTree = "<group>"; };
		367E9AF02A1281F800BDD0C8 /* MovieInfoImageCVC.swift */ = {isa = PBXFileReference; lastKnownFileType = sourcecode.swift; path = MovieInfoImageCVC.swift; sourceTree = "<group>"; };
		367E9AF52A12827A00BDD0C8 /* MovieInfoDataModel.swift */ = {isa = PBXFileReference; lastKnownFileType = sourcecode.swift; path = MovieInfoDataModel.swift; sourceTree = "<group>"; };
		367E9AF72A12A44200BDD0C8 /* SynopsisCVC.swift */ = {isa = PBXFileReference; lastKnownFileType = sourcecode.swift; path = SynopsisCVC.swift; sourceTree = "<group>"; };
		367E9AFC2A12A57F00BDD0C8 /* MovieInfoSectionHeaderView.swift */ = {isa = PBXFileReference; lastKnownFileType = sourcecode.swift; path = MovieInfoSectionHeaderView.swift; sourceTree = "<group>"; };
		367E9AFE2A12B2C700BDD0C8 /* ActorCVC.swift */ = {isa = PBXFileReference; lastKnownFileType = sourcecode.swift; path = ActorCVC.swift; sourceTree = "<group>"; };
		36DAE0902A18C74E0028D478 /* TrailerCVC.swift */ = {isa = PBXFileReference; lastKnownFileType = sourcecode.swift; path = TrailerCVC.swift; sourceTree = "<group>"; };
		36DAE0952A1D2A3C0028D478 /* ActorBackgroundCVC.swift */ = {isa = PBXFileReference; lastKnownFileType = sourcecode.swift; path = ActorBackgroundCVC.swift; sourceTree = "<group>"; };
		36DAE0972A1D3BD90028D478 /* PosterBackgroundCVC.swift */ = {isa = PBXFileReference; lastKnownFileType = sourcecode.swift; path = PosterBackgroundCVC.swift; sourceTree = "<group>"; };
		36DAE0992A1D3D8D0028D478 /* PosterCVC.swift */ = {isa = PBXFileReference; lastKnownFileType = sourcecode.swift; path = PosterCVC.swift; sourceTree = "<group>"; };
		36FCD7ED2A114A7C0038FD91 /* ImageLiterals.swift */ = {isa = PBXFileReference; lastKnownFileType = sourcecode.swift; path = ImageLiterals.swift; sourceTree = "<group>"; };
		36FCD7EF2A114AA10038FD91 /* UIImage+.swift */ = {isa = PBXFileReference; lastKnownFileType = sourcecode.swift; path = "UIImage+.swift"; sourceTree = "<group>"; };
		36FCD7F62A114C880038FD91 /* MovieInfoNavigationView.swift */ = {isa = PBXFileReference; lastKnownFileType = sourcecode.swift; path = MovieInfoNavigationView.swift; sourceTree = "<group>"; };
		36FCD8022A114F8A0038FD91 /* MovieInfoVC.swift */ = {isa = PBXFileReference; lastKnownFileType = sourcecode.swift; path = MovieInfoVC.swift; sourceTree = "<group>"; };
/* End PBXFileReference section */

/* Begin PBXFrameworksBuildPhase section */
		1D8DAAB92A0F77D700674FAC /* Frameworks */ = {
			isa = PBXFrameworksBuildPhase;
			buildActionMask = 2147483647;
			files = (
				36FCD8012A114CBB0038FD91 /* SnapKit in Frameworks */,
				36FCD7FA2A114CA00038FD91 /* Alamofire in Frameworks */,
				36FCD7FD2A114CAA0038FD91 /* Then in Frameworks */,
			);
			runOnlyForDeploymentPostprocessing = 0;
		};
/* End PBXFrameworksBuildPhase section */

/* Begin PBXGroup section */
		1D8DAAB32A0F77D700674FAC = {
			isa = PBXGroup;
			children = (
				1D8DAABE2A0F77D700674FAC /* Lotte-Cinema */,
				1D8DAABD2A0F77D700674FAC /* Products */,
				36FCD7FF2A114CBB0038FD91 /* Frameworks */,
			);
			sourceTree = "<group>";
		};
		1D8DAABD2A0F77D700674FAC /* Products */ = {
			isa = PBXGroup;
			children = (
				1D8DAABC2A0F77D700674FAC /* Lotte-Cinema.app */,
			);
			name = Products;
			sourceTree = "<group>";
		};
		1D8DAABE2A0F77D700674FAC /* Lotte-Cinema */ = {
			isa = PBXGroup;
			children = (
				1D8DAADD2A0F787100674FAC /* Supports */,
				1D8DAAD32A0F782500674FAC /* Source */,
				1D8DAADE2A0F788800674FAC /* Resource */,
			);
			path = "Lotte-Cinema";
			sourceTree = "<group>";
		};
		1D8DAAD32A0F782500674FAC /* Source */ = {
			isa = PBXGroup;
			children = (
				1D8DAAD82A0F784500674FAC /* Scenes */,
				1D8DAAD72A0F783F00674FAC /* Services */,
				1D8DAAD62A0F783900674FAC /* Models */,
				1D8DAAD52A0F783300674FAC /* Extension */,
				1D8DAAD42A0F782D00674FAC /* Global */,
			);
			path = Source;
			sourceTree = "<group>";
		};
		1D8DAAD42A0F782D00674FAC /* Global */ = {
			isa = PBXGroup;
			children = (
			);
			path = Global;
			sourceTree = "<group>";
		};
		1D8DAAD52A0F783300674FAC /* Extension */ = {
			isa = PBXGroup;
			children = (
				1D8DAAF52A0F7D7400674FAC /* UIFont+.swift */,
				1D8DAAF72A0F812600674FAC /* UIColor+.swift */,
				1D8DAAF92A0F81DC00674FAC /* UIView+.swift */,
				36FCD7EF2A114AA10038FD91 /* UIImage+.swift */,
				367E9AE02A115AD400BDD0C8 /* UIStackView+.swift */,
				367E9AE62A1231EB00BDD0C8 /* UILabel+.swift */,
				367E9AE82A1234EB00BDD0C8 /* Date+.swift */,
				367E9AEA2A12378400BDD0C8 /* String+.swift */,
			);
			path = Extension;
			sourceTree = "<group>";
		};
		1D8DAAD62A0F783900674FAC /* Models */ = {
			isa = PBXGroup;
			children = (
				367E9AF42A12826F00BDD0C8 /* MovieInfo */,
			);
			path = Models;
			sourceTree = "<group>";
		};
		1D8DAAD72A0F783F00674FAC /* Services */ = {
			isa = PBXGroup;
			children = (
			);
			path = Services;
			sourceTree = "<group>";
		};
		1D8DAAD82A0F784500674FAC /* Scenes */ = {
			isa = PBXGroup;
			children = (
				36FCD7F22A114C700038FD91 /* MovieInfo */,
				1D8DAAD92A0F784B00674FAC /* Home */,
			);
			path = Scenes;
			sourceTree = "<group>";
		};
		1D8DAAD92A0F784B00674FAC /* Home */ = {
			isa = PBXGroup;
			children = (
				1D8DAADC2A0F786400674FAC /* Components */,
				1D8DAADB2A0F785E00674FAC /* Cells */,
				1D8DAADA2A0F785500674FAC /* VCs */,
			);
			path = Home;
			sourceTree = "<group>";
		};
		1D8DAADA2A0F785500674FAC /* VCs */ = {
			isa = PBXGroup;
			children = (
				1D8DAAC32A0F77D700674FAC /* ViewController.swift */,
			);
			path = VCs;
			sourceTree = "<group>";
		};
		1D8DAADB2A0F785E00674FAC /* Cells */ = {
			isa = PBXGroup;
			children = (
			);
			path = Cells;
			sourceTree = "<group>";
		};
		1D8DAADC2A0F786400674FAC /* Components */ = {
			isa = PBXGroup;
			children = (
			);
			path = Components;
			sourceTree = "<group>";
		};
		1D8DAADD2A0F787100674FAC /* Supports */ = {
			isa = PBXGroup;
			children = (
				1D8DAABF2A0F77D700674FAC /* AppDelegate.swift */,
				1D8DAAC12A0F77D700674FAC /* SceneDelegate.swift */,
			);
			path = Supports;
			sourceTree = "<group>";
		};
		1D8DAADE2A0F788800674FAC /* Resource */ = {
			isa = PBXGroup;
			children = (
				1D8DAB022A10E68B00674FAC /* Font */,
				367E9A902A11571300BDD0C8 /* Font */,
				367E9AB52A11572B00BDD0C8 /* Font */,
				1D8DAACD2A0F77D900674FAC /* Info.plist */,
				1D8DAACA2A0F77D900674FAC /* LaunchScreen.storyboard */,
				1D8DAAC82A0F77D900674FAC /* Assets.xcassets */,
				1D8DAADF2A0F789600674FAC /* Literals */,
			);
			path = Resource;
			sourceTree = "<group>";
		};
		1D8DAADF2A0F789600674FAC /* Literals */ = {
			isa = PBXGroup;
			children = (
				36FCD7ED2A114A7C0038FD91 /* ImageLiterals.swift */,
			);
			path = Literals;
			sourceTree = "<group>";
		};
		1D8DAB022A10E68B00674FAC /* Font */ = {
			isa = PBXGroup;
			children = (
				1D8DAB122A10E6B900674FAC /* Roboto-Black.ttf */,
				1D8DAB162A10E6B900674FAC /* Roboto-BlackItalic.ttf */,
				1D8DAB0F2A10E6B800674FAC /* Roboto-Bold.ttf */,
				1D8DAB172A10E6B900674FAC /* Roboto-BoldItalic.ttf */,
				1D8DAB182A10E6B900674FAC /* Roboto-Italic.ttf */,
				1D8DAB132A10E6B900674FAC /* Roboto-Light.ttf */,
				1D8DAB142A10E6B900674FAC /* Roboto-LightItalic.ttf */,
				1D8DAB102A10E6B900674FAC /* Roboto-Medium.ttf */,
				1D8DAB152A10E6B900674FAC /* Roboto-MediumItalic.ttf */,
				1D8DAB112A10E6B900674FAC /* Roboto-Regular.ttf */,
				1D8DAB1A2A10E6B900674FAC /* Roboto-Thin.ttf */,
				1D8DAB192A10E6B900674FAC /* Roboto-ThinItalic.ttf */,
				1D8DAB052A10E6AB00674FAC /* NotoSansKR-Black.otf */,
				1D8DAB042A10E6AB00674FAC /* NotoSansKR-Bold.otf */,
				1D8DAB072A10E6AB00674FAC /* NotoSansKR-Light.otf */,
				1D8DAB032A10E6AB00674FAC /* NotoSansKR-Medium.otf */,
				1D8DAB062A10E6AB00674FAC /* NotoSansKR-Regular.otf */,
				1D8DAB082A10E6AC00674FAC /* NotoSansKR-Thin.otf */,
			);
			path = Font;
			sourceTree = "<group>";
		};
		367E9A902A11571300BDD0C8 /* Font */ = {
			isa = PBXGroup;
			children = (
				367E9A912A11571300BDD0C8 /* Roboto-Medium.ttf */,
				367E9A922A11571300BDD0C8 /* Roboto-Light.ttf */,
				367E9A932A11571300BDD0C8 /* NotoSansKR-Light.otf */,
				367E9A942A11571300BDD0C8 /* Roboto-Regular.ttf */,
				367E9A952A11571300BDD0C8 /* Roboto-MediumItalic.ttf */,
				367E9A962A11571300BDD0C8 /* NotoSansKR-Bold.otf */,
				367E9A972A11571300BDD0C8 /* NotoSansKR-Thin.otf */,
				367E9A982A11571300BDD0C8 /* Roboto-ThinItalic.ttf */,
				367E9A992A11571300BDD0C8 /* Roboto-BoldItalic.ttf */,
				367E9A9A2A11571300BDD0C8 /* Roboto-LightItalic.ttf */,
				367E9A9B2A11571300BDD0C8 /* Roboto-Italic.ttf */,
				367E9A9C2A11571300BDD0C8 /* Roboto-BlackItalic.ttf */,
				367E9A9D2A11571300BDD0C8 /* NotoSansKR-Black.otf */,
				367E9A9E2A11571300BDD0C8 /* Roboto-Bold.ttf */,
				367E9A9F2A11571300BDD0C8 /* Roboto-Thin.ttf */,
				367E9AA02A11571300BDD0C8 /* NotoSansKR-Medium.otf */,
				367E9AA12A11571300BDD0C8 /* Roboto-Black.ttf */,
				367E9AA22A11571300BDD0C8 /* NotoSansKR-Regular.otf */,
			);
			path = Font;
			sourceTree = "<group>";
		};
		367E9AB52A11572B00BDD0C8 /* Font */ = {
			isa = PBXGroup;
			children = (
				367E9AB62A11572B00BDD0C8 /* Roboto-Medium.ttf */,
				367E9AB72A11572B00BDD0C8 /* Roboto-Light.ttf */,
				367E9AB82A11572B00BDD0C8 /* NotoSansKR-Light.otf */,
				367E9AB92A11572B00BDD0C8 /* Roboto-Regular.ttf */,
				367E9ABA2A11572B00BDD0C8 /* Roboto-MediumItalic.ttf */,
				367E9ABB2A11572B00BDD0C8 /* NotoSansKR-Bold.otf */,
				367E9ABC2A11572B00BDD0C8 /* NotoSansKR-Thin.otf */,
				367E9ABD2A11572B00BDD0C8 /* Roboto-ThinItalic.ttf */,
				367E9ABE2A11572B00BDD0C8 /* Roboto-BoldItalic.ttf */,
				367E9ABF2A11572B00BDD0C8 /* Roboto-LightItalic.ttf */,
				367E9AC02A11572B00BDD0C8 /* Roboto-Italic.ttf */,
				367E9AC12A11572B00BDD0C8 /* Roboto-BlackItalic.ttf */,
				367E9AC22A11572B00BDD0C8 /* NotoSansKR-Black.otf */,
				367E9AC32A11572B00BDD0C8 /* Roboto-Bold.ttf */,
				367E9AC42A11572B00BDD0C8 /* Roboto-Thin.ttf */,
				367E9AC52A11572B00BDD0C8 /* NotoSansKR-Medium.otf */,
				367E9AC62A11572B00BDD0C8 /* Roboto-Black.ttf */,
				367E9AC72A11572B00BDD0C8 /* NotoSansKR-Regular.otf */,
			);
			path = Font;
			sourceTree = "<group>";
		};
		367E9AF42A12826F00BDD0C8 /* MovieInfo */ = {
			isa = PBXGroup;
			children = (
				367E9AF52A12827A00BDD0C8 /* MovieInfoDataModel.swift */,
			);
			path = MovieInfo;
			sourceTree = "<group>";
		};
		367E9AF92A12A54600BDD0C8 /* CVCs */ = {
			isa = PBXGroup;
			children = (
				367E9AF02A1281F800BDD0C8 /* MovieInfoImageCVC.swift */,
				367E9AF72A12A44200BDD0C8 /* SynopsisCVC.swift */,
				367E9AFE2A12B2C700BDD0C8 /* ActorCVC.swift */,
				36DAE0902A18C74E0028D478 /* TrailerCVC.swift */,
				36DAE0952A1D2A3C0028D478 /* ActorBackgroundCVC.swift */,
				36DAE0972A1D3BD90028D478 /* PosterBackgroundCVC.swift */,
				36DAE0992A1D3D8D0028D478 /* PosterCVC.swift */,
			);
			path = CVCs;
			sourceTree = "<group>";
		};
		367E9AFB2A12A55C00BDD0C8 /* Header */ = {
			isa = PBXGroup;
			children = (
				367E9ADA2A11578E00BDD0C8 /* InfoCollectionViewHeader.swift */,
				367E9AFC2A12A57F00BDD0C8 /* MovieInfoSectionHeaderView.swift */,
			);
			path = Header;
			sourceTree = "<group>";
		};
		36DAE0942A1D28C40028D478 /* Layout */ = {
			isa = PBXGroup;
			children = (
			);
			path = Layout;
			sourceTree = "<group>";
		};
		36FCD7F22A114C700038FD91 /* MovieInfo */ = {
			isa = PBXGroup;
			children = (
				36DAE0942A1D28C40028D478 /* Layout */,
				36FCD7F52A114C7B0038FD91 /* Components */,
				36FCD7F42A114C760038FD91 /* VCs */,
				36FCD7F32A114C700038FD91 /* Cells */,
			);
			path = MovieInfo;
			sourceTree = "<group>";
		};
		36FCD7F32A114C700038FD91 /* Cells */ = {
			isa = PBXGroup;
			children = (
				367E9AFB2A12A55C00BDD0C8 /* Header */,
				367E9AF92A12A54600BDD0C8 /* CVCs */,
			);
			path = Cells;
			sourceTree = "<group>";
		};
		36FCD7F42A114C760038FD91 /* VCs */ = {
			isa = PBXGroup;
			children = (
				36FCD8022A114F8A0038FD91 /* MovieInfoVC.swift */,
			);
			path = VCs;
			sourceTree = "<group>";
		};
		36FCD7F52A114C7B0038FD91 /* Components */ = {
			isa = PBXGroup;
			children = (
				36FCD7F62A114C880038FD91 /* MovieInfoNavigationView.swift */,
				367E9ADC2A11585700BDD0C8 /* CinemaChipView.swift */,
				367E9ADE2A1159DF00BDD0C8 /* CinemaInfoVIew.swift */,
				367E9AE42A12314100BDD0C8 /* MovieAudienceInfoView.swift */,
				367E9AEE2A12759F00BDD0C8 /* MovieInfoTabbar.swift */,
			);
			path = Components;
			sourceTree = "<group>";
		};
		36FCD7FF2A114CBB0038FD91 /* Frameworks */ = {
			isa = PBXGroup;
			children = (
			);
			name = Frameworks;
			sourceTree = "<group>";
		};
/* End PBXGroup section */

/* Begin PBXNativeTarget section */
		1D8DAABB2A0F77D700674FAC /* Lotte-Cinema */ = {
			isa = PBXNativeTarget;
			buildConfigurationList = 1D8DAAD02A0F77D900674FAC /* Build configuration list for PBXNativeTarget "Lotte-Cinema" */;
			buildPhases = (
				1D8DAAB82A0F77D700674FAC /* Sources */,
				1D8DAAB92A0F77D700674FAC /* Frameworks */,
				1D8DAABA2A0F77D700674FAC /* Resources */,
			);
			buildRules = (
			);
			dependencies = (
			);
			name = "Lotte-Cinema";
			packageProductDependencies = (
				36FCD7F92A114CA00038FD91 /* Alamofire */,
				36FCD7FC2A114CAA0038FD91 /* Then */,
				36FCD8002A114CBB0038FD91 /* SnapKit */,
			);
			productName = "Lotte-Cinema";
			productReference = 1D8DAABC2A0F77D700674FAC /* Lotte-Cinema.app */;
			productType = "com.apple.product-type.application";
		};
/* End PBXNativeTarget section */

/* Begin PBXProject section */
		1D8DAAB42A0F77D700674FAC /* Project object */ = {
			isa = PBXProject;
			attributes = {
				BuildIndependentTargetsInParallel = 1;
				LastSwiftUpdateCheck = 1420;
				LastUpgradeCheck = 1420;
				TargetAttributes = {
					1D8DAABB2A0F77D700674FAC = {
						CreatedOnToolsVersion = 14.2;
					};
				};
			};
			buildConfigurationList = 1D8DAAB72A0F77D700674FAC /* Build configuration list for PBXProject "Lotte-Cinema" */;
			compatibilityVersion = "Xcode 14.0";
			developmentRegion = en;
			hasScannedForEncodings = 0;
			knownRegions = (
				en,
				Base,
			);
			mainGroup = 1D8DAAB32A0F77D700674FAC;
			packageReferences = (
				36FCD7F82A114CA00038FD91 /* XCRemoteSwiftPackageReference "Alamofire" */,
				36FCD7FB2A114CAA0038FD91 /* XCRemoteSwiftPackageReference "Then" */,
				36FCD7FE2A114CB20038FD91 /* XCRemoteSwiftPackageReference "SnapKit" */,
			);
			productRefGroup = 1D8DAABD2A0F77D700674FAC /* Products */;
			projectDirPath = "";
			projectRoot = "";
			targets = (
				1D8DAABB2A0F77D700674FAC /* Lotte-Cinema */,
			);
		};
/* End PBXProject section */

/* Begin PBXResourcesBuildPhase section */
		1D8DAABA2A0F77D700674FAC /* Resources */ = {
			isa = PBXResourcesBuildPhase;
			buildActionMask = 2147483647;
			files = (
				367E9ACF2A11572B00BDD0C8 /* Roboto-ThinItalic.ttf in Resources */,
				367E9AD02A11572B00BDD0C8 /* Roboto-BoldItalic.ttf in Resources */,
				367E9AD62A11572B00BDD0C8 /* Roboto-Thin.ttf in Resources */,
				367E9AD12A11572B00BDD0C8 /* Roboto-LightItalic.ttf in Resources */,
				367E9AD42A11572B00BDD0C8 /* NotoSansKR-Black.otf in Resources */,
				367E9AD32A11572B00BDD0C8 /* Roboto-BlackItalic.ttf in Resources */,
				367E9ACE2A11572B00BDD0C8 /* NotoSansKR-Thin.otf in Resources */,
				367E9ACB2A11572B00BDD0C8 /* Roboto-Regular.ttf in Resources */,
				367E9AD22A11572B00BDD0C8 /* Roboto-Italic.ttf in Resources */,
				1D8DAACC2A0F77D900674FAC /* LaunchScreen.storyboard in Resources */,
				367E9ACD2A11572B00BDD0C8 /* NotoSansKR-Bold.otf in Resources */,
				367E9ACA2A11572B00BDD0C8 /* NotoSansKR-Light.otf in Resources */,
				367E9AD72A11572B00BDD0C8 /* NotoSansKR-Medium.otf in Resources */,
				1D8DAAC92A0F77D900674FAC /* Assets.xcassets in Resources */,
				367E9AD92A11572B00BDD0C8 /* NotoSansKR-Regular.otf in Resources */,
				367E9AD82A11572B00BDD0C8 /* Roboto-Black.ttf in Resources */,
				367E9ACC2A11572B00BDD0C8 /* Roboto-MediumItalic.ttf in Resources */,
				367E9AC92A11572B00BDD0C8 /* Roboto-Light.ttf in Resources */,
				367E9AD52A11572B00BDD0C8 /* Roboto-Bold.ttf in Resources */,
				367E9AC82A11572B00BDD0C8 /* Roboto-Medium.ttf in Resources */,
			);
			runOnlyForDeploymentPostprocessing = 0;
		};
/* End PBXResourcesBuildPhase section */

/* Begin PBXSourcesBuildPhase section */
		1D8DAAB82A0F77D700674FAC /* Sources */ = {
			isa = PBXSourcesBuildPhase;
			buildActionMask = 2147483647;
			files = (
				1D8DAAFA2A0F81DC00674FAC /* UIView+.swift in Sources */,
				1D8DAAF62A0F7D7400674FAC /* UIFont+.swift in Sources */,
				367E9AE72A1231EB00BDD0C8 /* UILabel+.swift in Sources */,
				36FCD7F72A114C880038FD91 /* MovieInfoNavigationView.swift in Sources */,
				1D8DAAC42A0F77D700674FAC /* ViewController.swift in Sources */,
				367E9AF62A12827A00BDD0C8 /* MovieInfoDataModel.swift in Sources */,
				367E9AEF2A12759F00BDD0C8 /* MovieInfoTabbar.swift in Sources */,
				367E9AFF2A12B2C700BDD0C8 /* ActorCVC.swift in Sources */,
				367E9AFD2A12A57F00BDD0C8 /* MovieInfoSectionHeaderView.swift in Sources */,
				36DAE0982A1D3BD90028D478 /* PosterBackgroundCVC.swift in Sources */,
				367E9AF82A12A44200BDD0C8 /* SynopsisCVC.swift in Sources */,
				36DAE09A2A1D3D8D0028D478 /* PosterCVC.swift in Sources */,
				367E9AE52A12314100BDD0C8 /* MovieAudienceInfoView.swift in Sources */,
				1D8DAAC02A0F77D700674FAC /* AppDelegate.swift in Sources */,
				1D8DAAC22A0F77D700674FAC /* SceneDelegate.swift in Sources */,
				36DAE0912A18C74E0028D478 /* TrailerCVC.swift in Sources */,
				36FCD7F02A114AA10038FD91 /* UIImage+.swift in Sources */,
				367E9AE12A115AD400BDD0C8 /* UIStackView+.swift in Sources */,
				367E9AEB2A12378400BDD0C8 /* String+.swift in Sources */,
				367E9ADB2A11578E00BDD0C8 /* InfoCollectionViewHeader.swift in Sources */,
				36DAE0962A1D2A3C0028D478 /* ActorBackgroundCVC.swift in Sources */,
				367E9ADF2A1159DF00BDD0C8 /* CinemaInfoVIew.swift in Sources */,
				367E9AE92A1234EB00BDD0C8 /* Date+.swift in Sources */,
				36FCD7EE2A114A7C0038FD91 /* ImageLiterals.swift in Sources */,
				1D8DAAF82A0F812600674FAC /* UIColor+.swift in Sources */,
				367E9AF12A1281F800BDD0C8 /* MovieInfoImageCVC.swift in Sources */,
				36FCD8032A114F8A0038FD91 /* MovieInfoVC.swift in Sources */,
				367E9ADD2A11585700BDD0C8 /* CinemaChipView.swift in Sources */,
			);
			runOnlyForDeploymentPostprocessing = 0;
		};
/* End PBXSourcesBuildPhase section */

/* Begin PBXVariantGroup section */
		1D8DAACA2A0F77D900674FAC /* LaunchScreen.storyboard */ = {
			isa = PBXVariantGroup;
			children = (
				1D8DAACB2A0F77D900674FAC /* Base */,
			);
			name = LaunchScreen.storyboard;
			sourceTree = "<group>";
		};
/* End PBXVariantGroup section */

/* Begin XCBuildConfiguration section */
		1D8DAACE2A0F77D900674FAC /* Debug */ = {
			isa = XCBuildConfiguration;
			buildSettings = {
				ALWAYS_SEARCH_USER_PATHS = NO;
				CLANG_ANALYZER_NONNULL = YES;
				CLANG_ANALYZER_NUMBER_OBJECT_CONVERSION = YES_AGGRESSIVE;
				CLANG_CXX_LANGUAGE_STANDARD = "gnu++20";
				CLANG_ENABLE_MODULES = YES;
				CLANG_ENABLE_OBJC_ARC = YES;
				CLANG_ENABLE_OBJC_WEAK = YES;
				CLANG_WARN_BLOCK_CAPTURE_AUTORELEASING = YES;
				CLANG_WARN_BOOL_CONVERSION = YES;
				CLANG_WARN_COMMA = YES;
				CLANG_WARN_CONSTANT_CONVERSION = YES;
				CLANG_WARN_DEPRECATED_OBJC_IMPLEMENTATIONS = YES;
				CLANG_WARN_DIRECT_OBJC_ISA_USAGE = YES_ERROR;
				CLANG_WARN_DOCUMENTATION_COMMENTS = YES;
				CLANG_WARN_EMPTY_BODY = YES;
				CLANG_WARN_ENUM_CONVERSION = YES;
				CLANG_WARN_INFINITE_RECURSION = YES;
				CLANG_WARN_INT_CONVERSION = YES;
				CLANG_WARN_NON_LITERAL_NULL_CONVERSION = YES;
				CLANG_WARN_OBJC_IMPLICIT_RETAIN_SELF = YES;
				CLANG_WARN_OBJC_LITERAL_CONVERSION = YES;
				CLANG_WARN_OBJC_ROOT_CLASS = YES_ERROR;
				CLANG_WARN_QUOTED_INCLUDE_IN_FRAMEWORK_HEADER = YES;
				CLANG_WARN_RANGE_LOOP_ANALYSIS = YES;
				CLANG_WARN_STRICT_PROTOTYPES = YES;
				CLANG_WARN_SUSPICIOUS_MOVE = YES;
				CLANG_WARN_UNGUARDED_AVAILABILITY = YES_AGGRESSIVE;
				CLANG_WARN_UNREACHABLE_CODE = YES;
				CLANG_WARN__DUPLICATE_METHOD_MATCH = YES;
				COPY_PHASE_STRIP = NO;
				DEBUG_INFORMATION_FORMAT = dwarf;
				ENABLE_STRICT_OBJC_MSGSEND = YES;
				ENABLE_TESTABILITY = YES;
				GCC_C_LANGUAGE_STANDARD = gnu11;
				GCC_DYNAMIC_NO_PIC = NO;
				GCC_NO_COMMON_BLOCKS = YES;
				GCC_OPTIMIZATION_LEVEL = 0;
				GCC_PREPROCESSOR_DEFINITIONS = (
					"DEBUG=1",
					"$(inherited)",
				);
				GCC_WARN_64_TO_32_BIT_CONVERSION = YES;
				GCC_WARN_ABOUT_RETURN_TYPE = YES_ERROR;
				GCC_WARN_UNDECLARED_SELECTOR = YES;
				GCC_WARN_UNINITIALIZED_AUTOS = YES_AGGRESSIVE;
				GCC_WARN_UNUSED_FUNCTION = YES;
				GCC_WARN_UNUSED_VARIABLE = YES;
				IPHONEOS_DEPLOYMENT_TARGET = 16.2;
				MTL_ENABLE_DEBUG_INFO = INCLUDE_SOURCE;
				MTL_FAST_MATH = YES;
				ONLY_ACTIVE_ARCH = YES;
				SDKROOT = iphoneos;
				SWIFT_ACTIVE_COMPILATION_CONDITIONS = DEBUG;
				SWIFT_OPTIMIZATION_LEVEL = "-Onone";
			};
			name = Debug;
		};
		1D8DAACF2A0F77D900674FAC /* Release */ = {
			isa = XCBuildConfiguration;
			buildSettings = {
				ALWAYS_SEARCH_USER_PATHS = NO;
				CLANG_ANALYZER_NONNULL = YES;
				CLANG_ANALYZER_NUMBER_OBJECT_CONVERSION = YES_AGGRESSIVE;
				CLANG_CXX_LANGUAGE_STANDARD = "gnu++20";
				CLANG_ENABLE_MODULES = YES;
				CLANG_ENABLE_OBJC_ARC = YES;
				CLANG_ENABLE_OBJC_WEAK = YES;
				CLANG_WARN_BLOCK_CAPTURE_AUTORELEASING = YES;
				CLANG_WARN_BOOL_CONVERSION = YES;
				CLANG_WARN_COMMA = YES;
				CLANG_WARN_CONSTANT_CONVERSION = YES;
				CLANG_WARN_DEPRECATED_OBJC_IMPLEMENTATIONS = YES;
				CLANG_WARN_DIRECT_OBJC_ISA_USAGE = YES_ERROR;
				CLANG_WARN_DOCUMENTATION_COMMENTS = YES;
				CLANG_WARN_EMPTY_BODY = YES;
				CLANG_WARN_ENUM_CONVERSION = YES;
				CLANG_WARN_INFINITE_RECURSION = YES;
				CLANG_WARN_INT_CONVERSION = YES;
				CLANG_WARN_NON_LITERAL_NULL_CONVERSION = YES;
				CLANG_WARN_OBJC_IMPLICIT_RETAIN_SELF = YES;
				CLANG_WARN_OBJC_LITERAL_CONVERSION = YES;
				CLANG_WARN_OBJC_ROOT_CLASS = YES_ERROR;
				CLANG_WARN_QUOTED_INCLUDE_IN_FRAMEWORK_HEADER = YES;
				CLANG_WARN_RANGE_LOOP_ANALYSIS = YES;
				CLANG_WARN_STRICT_PROTOTYPES = YES;
				CLANG_WARN_SUSPICIOUS_MOVE = YES;
				CLANG_WARN_UNGUARDED_AVAILABILITY = YES_AGGRESSIVE;
				CLANG_WARN_UNREACHABLE_CODE = YES;
				CLANG_WARN__DUPLICATE_METHOD_MATCH = YES;
				COPY_PHASE_STRIP = NO;
				DEBUG_INFORMATION_FORMAT = "dwarf-with-dsym";
				ENABLE_NS_ASSERTIONS = NO;
				ENABLE_STRICT_OBJC_MSGSEND = YES;
				GCC_C_LANGUAGE_STANDARD = gnu11;
				GCC_NO_COMMON_BLOCKS = YES;
				GCC_WARN_64_TO_32_BIT_CONVERSION = YES;
				GCC_WARN_ABOUT_RETURN_TYPE = YES_ERROR;
				GCC_WARN_UNDECLARED_SELECTOR = YES;
				GCC_WARN_UNINITIALIZED_AUTOS = YES_AGGRESSIVE;
				GCC_WARN_UNUSED_FUNCTION = YES;
				GCC_WARN_UNUSED_VARIABLE = YES;
				IPHONEOS_DEPLOYMENT_TARGET = 16.2;
				MTL_ENABLE_DEBUG_INFO = NO;
				MTL_FAST_MATH = YES;
				SDKROOT = iphoneos;
				SWIFT_COMPILATION_MODE = wholemodule;
				SWIFT_OPTIMIZATION_LEVEL = "-O";
				VALIDATE_PRODUCT = YES;
			};
			name = Release;
		};
		1D8DAAD12A0F77D900674FAC /* Debug */ = {
			isa = XCBuildConfiguration;
			buildSettings = {
				ASSETCATALOG_COMPILER_APPICON_NAME = AppIcon;
				ASSETCATALOG_COMPILER_GLOBAL_ACCENT_COLOR_NAME = AccentColor;
				CODE_SIGN_STYLE = Automatic;
				CURRENT_PROJECT_VERSION = 1;
				DEVELOPMENT_TEAM = "";
				GENERATE_INFOPLIST_FILE = YES;
				INFOPLIST_FILE = "Lotte-Cinema/Resource/Info.plist";
				INFOPLIST_KEY_UIApplicationSupportsIndirectInputEvents = YES;
				INFOPLIST_KEY_UILaunchStoryboardName = LaunchScreen.storyboard;
				INFOPLIST_KEY_UISupportedInterfaceOrientations_iPad = "UIInterfaceOrientationPortrait UIInterfaceOrientationPortraitUpsideDown UIInterfaceOrientationLandscapeLeft UIInterfaceOrientationLandscapeRight";
				INFOPLIST_KEY_UISupportedInterfaceOrientations_iPhone = "UIInterfaceOrientationPortrait UIInterfaceOrientationLandscapeLeft UIInterfaceOrientationLandscapeRight";
				LD_RUNPATH_SEARCH_PATHS = (
					"$(inherited)",
					"@executable_path/Frameworks",
				);
				MARKETING_VERSION = 1.0;
				PRODUCT_BUNDLE_IDENTIFIER = "five.Lotte-Cinema";
				PRODUCT_NAME = "$(TARGET_NAME)";
				SWIFT_EMIT_LOC_STRINGS = YES;
				SWIFT_VERSION = 5.0;
				TARGETED_DEVICE_FAMILY = "1,2";
			};
			name = Debug;
		};
		1D8DAAD22A0F77D900674FAC /* Release */ = {
			isa = XCBuildConfiguration;
			buildSettings = {
				ASSETCATALOG_COMPILER_APPICON_NAME = AppIcon;
				ASSETCATALOG_COMPILER_GLOBAL_ACCENT_COLOR_NAME = AccentColor;
				CODE_SIGN_STYLE = Automatic;
				CURRENT_PROJECT_VERSION = 1;
				DEVELOPMENT_TEAM = "";
				GENERATE_INFOPLIST_FILE = YES;
				INFOPLIST_FILE = "Lotte-Cinema/Resource/Info.plist";
				INFOPLIST_KEY_UIApplicationSupportsIndirectInputEvents = YES;
				INFOPLIST_KEY_UILaunchStoryboardName = LaunchScreen.storyboard;
				INFOPLIST_KEY_UISupportedInterfaceOrientations_iPad = "UIInterfaceOrientationPortrait UIInterfaceOrientationPortraitUpsideDown UIInterfaceOrientationLandscapeLeft UIInterfaceOrientationLandscapeRight";
				INFOPLIST_KEY_UISupportedInterfaceOrientations_iPhone = "UIInterfaceOrientationPortrait UIInterfaceOrientationLandscapeLeft UIInterfaceOrientationLandscapeRight";
				LD_RUNPATH_SEARCH_PATHS = (
					"$(inherited)",
					"@executable_path/Frameworks",
				);
				MARKETING_VERSION = 1.0;
				PRODUCT_BUNDLE_IDENTIFIER = "five.Lotte-Cinema";
				PRODUCT_NAME = "$(TARGET_NAME)";
				SWIFT_EMIT_LOC_STRINGS = YES;
				SWIFT_VERSION = 5.0;
				TARGETED_DEVICE_FAMILY = "1,2";
			};
			name = Release;
		};
/* End XCBuildConfiguration section */

/* Begin XCConfigurationList section */
		1D8DAAB72A0F77D700674FAC /* Build configuration list for PBXProject "Lotte-Cinema" */ = {
			isa = XCConfigurationList;
			buildConfigurations = (
				1D8DAACE2A0F77D900674FAC /* Debug */,
				1D8DAACF2A0F77D900674FAC /* Release */,
			);
			defaultConfigurationIsVisible = 0;
			defaultConfigurationName = Release;
		};
		1D8DAAD02A0F77D900674FAC /* Build configuration list for PBXNativeTarget "Lotte-Cinema" */ = {
			isa = XCConfigurationList;
			buildConfigurations = (
				1D8DAAD12A0F77D900674FAC /* Debug */,
				1D8DAAD22A0F77D900674FAC /* Release */,
			);
			defaultConfigurationIsVisible = 0;
			defaultConfigurationName = Release;
		};
/* End XCConfigurationList section */

/* Begin XCRemoteSwiftPackageReference section */
		36FCD7F82A114CA00038FD91 /* XCRemoteSwiftPackageReference "Alamofire" */ = {
			isa = XCRemoteSwiftPackageReference;
			repositoryURL = "https://github.com/Alamofire/Alamofire";
			requirement = {
				kind = upToNextMajorVersion;
				minimumVersion = 5.0.0;
			};
		};
		36FCD7FB2A114CAA0038FD91 /* XCRemoteSwiftPackageReference "Then" */ = {
			isa = XCRemoteSwiftPackageReference;
			repositoryURL = "https://github.com/devxoul/Then";
			requirement = {
				kind = upToNextMajorVersion;
				minimumVersion = 3.0.0;
			};
		};
		36FCD7FE2A114CB20038FD91 /* XCRemoteSwiftPackageReference "SnapKit" */ = {
			isa = XCRemoteSwiftPackageReference;
			repositoryURL = "https://github.com/SnapKit/SnapKit";
			requirement = {
				kind = upToNextMajorVersion;
				minimumVersion = 5.0.0;
			};
		};
/* End XCRemoteSwiftPackageReference section */

/* Begin XCSwiftPackageProductDependency section */
		36FCD7F92A114CA00038FD91 /* Alamofire */ = {
			isa = XCSwiftPackageProductDependency;
			package = 36FCD7F82A114CA00038FD91 /* XCRemoteSwiftPackageReference "Alamofire" */;
			productName = Alamofire;
		};
		36FCD7FC2A114CAA0038FD91 /* Then */ = {
			isa = XCSwiftPackageProductDependency;
			package = 36FCD7FB2A114CAA0038FD91 /* XCRemoteSwiftPackageReference "Then" */;
			productName = Then;
		};
		36FCD8002A114CBB0038FD91 /* SnapKit */ = {
			isa = XCSwiftPackageProductDependency;
			package = 36FCD7FE2A114CB20038FD91 /* XCRemoteSwiftPackageReference "SnapKit" */;
			productName = SnapKit;
		};
/* End XCSwiftPackageProductDependency section */
	};
	rootObject = 1D8DAAB42A0F77D700674FAC /* Project object */;
}
